
Microsoft Visual Studio Solution File, Format Version 12.00
# Visual Studio Version 17
VisualStudioVersion = 17.0.31919.166
MinimumVisualStudioVersion = 10.0.40219.1
Project("{FAE04EC0-301F-11D3-BF4B-00C04F79EFBC}") = "GridTutorial.Android", "GridTutorial\GridTutorial.Android\GridTutorial.Android.csproj", "{AC866248-60EA-45A0-9909-D09C389478AE}"
EndProject
Project("{FAE04EC0-301F-11D3-BF4B-00C04F79EFBC}") = "GridTutorial.iOS", "GridTutorial\GridTutorial.iOS\GridTutorial.iOS.csproj", "{59CCC07A-27BB-481B-84BA-37C77AE94E97}"
EndProject
Project("{FAE04EC0-301F-11D3-BF4B-00C04F79EFBC}") = "GridTutorial", "GridTutorial\GridTutorial\GridTutorial.csproj", "{69180C2D-E249-4960-B2D7-5DFFB29AA1F8}"
EndProject
Global
	GlobalSection(SolutionConfigurationPlatforms) = preSolution
		Debug|Any CPU = Debug|Any CPU
		Debug|iPhone = Debug|iPhone
		Debug|iPhoneSimulator = Debug|iPhoneSimulator
		Release|Any CPU = Release|Any CPU
		Release|iPhone = Release|iPhone
		Release|iPhoneSimulator = Release|iPhoneSimulator
	EndGlobalSection
	GlobalSection(ProjectConfigurationPlatforms) = postSolution
		{AC866248-60EA-45A0-9909-D09C389478AE}.Debug|Any CPU.ActiveCfg = Debug|Any CPU
		{AC866248-60EA-45A0-9909-D09C389478AE}.Debug|Any CPU.Build.0 = Debug|Any CPU
		{AC866248-60EA-45A0-9909-D09C389478AE}.Debug|Any CPU.Deploy.0 = Debug|Any CPU
		{AC866248-60EA-45A0-9909-D09C389478AE}.Debug|iPhone.ActiveCfg = Debug|Any CPU
		{AC866248-60EA-45A0-9909-D09C389478AE}.Debug|iPhone.Build.0 = Debug|Any CPU
		{AC866248-60EA-45A0-9909-D09C389478AE}.Debug|iPhone.Deploy.0 = Debug|Any CPU
		{AC866248-60EA-45A0-9909-D09C389478AE}.Debug|iPhoneSimulator.ActiveCfg = Debug|Any CPU
		{AC866248-60EA-45A0-9909-D09C389478AE}.Debug|iPhoneSimulator.Build.0 = Debug|Any CPU
		{AC866248-60EA-45A0-9909-D09C389478AE}.Debug|iPhoneSimulator.Deploy.0 = Debug|Any CPU
		{AC866248-60EA-45A0-9909-D09C389478AE}.Release|Any CPU.ActiveCfg = Release|Any CPU
		{AC866248-60EA-45A0-9909-D09C389478AE}.Release|Any CPU.Build.0 = Release|Any CPU
		{AC866248-60EA-45A0-9909-D09C389478AE}.Release|Any CPU.Deploy.0 = Release|Any CPU
		{AC866248-60EA-45A0-9909-D09C389478AE}.Release|iPhone.ActiveCfg = Release|Any CPU
		{AC866248-60EA-45A0-9909-D09C389478AE}.Release|iPhone.Build.0 = Release|Any CPU
		{AC866248-60EA-45A0-9909-D09C389478AE}.Release|iPhone.Deploy.0 = Release|Any CPU
		{AC866248-60EA-45A0-9909-D09C389478AE}.Release|iPhoneSimulator.ActiveCfg = Release|Any CPU
		{AC866248-60EA-45A0-9909-D09C389478AE}.Release|iPhoneSimulator.Build.0 = Release|Any CPU
		{AC866248-60EA-45A0-9909-D09C389478AE}.Release|iPhoneSimulator.Deploy.0 = Release|Any CPU
		{59CCC07A-27BB-481B-84BA-37C77AE94E97}.Debug|Any CPU.ActiveCfg = Debug|iPhone
		{59CCC07A-27BB-481B-84BA-37C77AE94E97}.Debug|Any CPU.Build.0 = Debug|iPhone
		{59CCC07A-27BB-481B-84BA-37C77AE94E97}.Debug|Any CPU.Deploy.0 = Debug|iPhone
		{59CCC07A-27BB-481B-84BA-37C77AE94E97}.Debug|iPhone.ActiveCfg = Debug|iPhone
		{59CCC07A-27BB-481B-84BA-37C77AE94E97}.Debug|iPhone.Build.0 = Debug|iPhone
		{59CCC07A-27BB-481B-84BA-37C77AE94E97}.Debug|iPhone.Deploy.0 = Debug|iPhone
		{59CCC07A-27BB-481B-84BA-37C77AE94E97}.Debug|iPhoneSimulator.ActiveCfg = Debug|iPhoneSimulator
		{59CCC07A-27BB-481B-84BA-37C77AE94E97}.Debug|iPhoneSimulator.Build.0 = Debug|iPhoneSimulator
		{59CCC07A-27BB-481B-84BA-37C77AE94E97}.Debug|iPhoneSimulator.Deploy.0 = Debug|iPhoneSimulator
		{59CCC07A-27BB-481B-84BA-37C77AE94E97}.Release|Any CPU.ActiveCfg = Release|iPhoneSimulator
		{59CCC07A-27BB-481B-84BA-37C77AE94E97}.Release|Any CPU.Build.0 = Release|iPhoneSimulator
		{59CCC07A-27BB-481B-84BA-37C77AE94E97}.Release|Any CPU.Deploy.0 = Release|iPhoneSimulator
		{59CCC07A-27BB-481B-84BA-37C77AE94E97}.Release|iPhone.ActiveCfg = Release|iPhone
		{59CCC07A-27BB-481B-84BA-37C77AE94E97}.Release|iPhone.Build.0 = Release|iPhone
		{59CCC07A-27BB-481B-84BA-37C77AE94E97}.Release|iPhone.Deploy.0 = Release|iPhone
		{59CCC07A-27BB-481B-84BA-37C77AE94E97}.Release|iPhoneSimulator.ActiveCfg = Release|iPhoneSimulator
		{59CCC07A-27BB-481B-84BA-37C77AE94E97}.Release|iPhoneSimulator.Build.0 = Release|iPhoneSimulator
		{59CCC07A-27BB-481B-84BA-37C77AE94E97}.Release|iPhoneSimulator.Deploy.0 = Release|iPhoneSimulator
		{69180C2D-E249-4960-B2D7-5DFFB29AA1F8}.Debug|Any CPU.ActiveCfg = Debug|Any CPU
		{69180C2D-E249-4960-B2D7-5DFFB29AA1F8}.Debug|Any CPU.Build.0 = Debug|Any CPU
		{69180C2D-E249-4960-B2D7-5DFFB29AA1F8}.Debug|Any CPU.Deploy.0 = Debug|Any CPU
		{69180C2D-E249-4960-B2D7-5DFFB29AA1F8}.Debug|iPhone.ActiveCfg = Debug|Any CPU
		{69180C2D-E249-4960-B2D7-5DFFB29AA1F8}.Debug|iPhone.Build.0 = Debug|Any CPU
		{69180C2D-E249-4960-B2D7-5DFFB29AA1F8}.Debug|iPhone.Deploy.0 = Debug|Any CPU
		{69180C2D-E249-4960-B2D7-5DFFB29AA1F8}.Debug|iPhoneSimulator.ActiveCfg = Debug|Any CPU
		{69180C2D-E249-4960-B2D7-5DFFB29AA1F8}.Debug|iPhoneSimulator.Build.0 = Debug|Any CPU
		{69180C2D-E249-4960-B2D7-5DFFB29AA1F8}.Debug|iPhoneSimulator.Deploy.0 = Debug|Any CPU
		{69180C2D-E249-4960-B2D7-5DFFB29AA1F8}.Release|Any CPU.ActiveCfg = Release|Any CPU
		{69180C2D-E249-4960-B2D7-5DFFB29AA1F8}.Release|Any CPU.Build.0 = Release|Any CPU
		{69180C2D-E249-4960-B2D7-5DFFB29AA1F8}.Release|Any CPU.Deploy.0 = Release|Any CPU
		{69180C2D-E249-4960-B2D7-5DFFB29AA1F8}.Release|iPhone.ActiveCfg = Release|Any CPU
		{69180C2D-E249-4960-B2D7-5DFFB29AA1F8}.Release|iPhone.Build.0 = Release|Any CPU
		{69180C2D-E249-4960-B2D7-5DFFB29AA1F8}.Release|iPhone.Deploy.0 = Release|Any CPU
		{69180C2D-E249-4960-B2D7-5DFFB29AA1F8}.Release|iPhoneSimulator.ActiveCfg = Release|Any CPU
		{69180C2D-E249-4960-B2D7-5DFFB29AA1F8}.Release|iPhoneSimulator.Build.0 = Release|Any CPU
		{69180C2D-E249-4960-B2D7-5DFFB29AA1F8}.Release|iPhoneSimulator.Deploy.0 = Release|Any CPU
	EndGlobalSection
	GlobalSection(SolutionProperties) = preSolution
		HideSolutionNode = FALSE
	EndGlobalSection
	GlobalSection(ExtensibilityGlobals) = postSolution
		SolutionGuid = {8454099D-A6B3-4641-AF1E-42C1D717E330}
	EndGlobalSection
EndGlobal
